{
  "name": "rxapi",
  "version": "0.0.18",
  "lockfileVersion": 1,
  "dependencies": {
    "argcon": {
      "version": "0.0.4",
      "resolved": "https://registry.npmjs.org/argcon/-/argcon-0.0.4.tgz",
      "integrity": "sha1-icy97dmP2s0C5eSobfdKsGm+Hsk="
    },
    "capture-spawn": {
      "version": "1.0.1",
      "resolved": "https://registry.npmjs.org/capture-spawn/-/capture-spawn-1.0.1.tgz",
      "integrity": "sha1-DzsB/O+1nMgIt7rQTauO7A7IXM0="
    },
    "cross-spawn": {
      "version": "5.1.0",
      "resolved": "https://registry.npmjs.org/cross-spawn/-/cross-spawn-5.1.0.tgz",
      "integrity": "sha1-6L0O/uWPz/b4+UUQoKVUu/ojVEk="
    },
    "error-base": {
      "version": "0.2.0",
      "resolved": "https://registry.npmjs.org/error-base/-/error-base-0.2.0.tgz",
      "integrity": "sha1-RTPWYKSDYHvBLQYaa1f8zvyaLNs="
    },
    "gitclone": {
      "version": "2.0.0",
      "resolved": "https://registry.npmjs.org/gitclone/-/gitclone-2.0.0.tgz",
      "integrity": "sha1-pqdrPlwMfzsufin9uKPCpeh3JiM="
    },
    "gitclone-defaults": {
      "version": "2.0.0",
      "resolved": "https://registry.npmjs.org/gitclone-defaults/-/gitclone-defaults-2.0.0.tgz",
      "integrity": "sha1-mSCN15aEGEzsIPRmER+lK3FP+hM="
    },
    "is-buffer": {
      "version": "1.1.5",
      "resolved": "https://registry.npmjs.org/is-buffer/-/is-buffer-1.1.5.tgz",
      "integrity": "sha1-Hzsm72E7IUuIy8ojzGwB2Hlh7sw="
    },
    "is-child-process": {
      "version": "1.0.2",
      "resolved": "https://registry.npmjs.org/is-child-process/-/is-child-process-1.0.2.tgz",
      "integrity": "sha1-wilhrNYp4SjLAI7WNVs7y/hdm9g="
    },
    "is-extendable": {
      "version": "0.1.1",
      "resolved": "https://registry.npmjs.org/is-extendable/-/is-extendable-0.1.1.tgz",
      "integrity": "sha1-YrEQ4omkcUGOPsNqYX1HLjAd/Ik="
    },
    "is-node-emitter": {
      "version": "1.0.6",
      "resolved": "https://registry.npmjs.org/is-node-emitter/-/is-node-emitter-1.0.6.tgz",
      "integrity": "sha1-gHqLAZTOzPmbb31elaOfHJV+qjY="
    },
    "is-real-object": {
      "version": "1.0.2",
      "resolved": "https://registry.npmjs.org/is-real-object/-/is-real-object-1.0.2.tgz",
      "integrity": "sha1-3RcOrYiCnDjF1LQwWW2R4rl3OIM="
    },
    "isarray": {
      "version": "1.0.0",
      "resolved": "https://registry.npmjs.org/isarray/-/isarray-1.0.0.tgz",
      "integrity": "sha1-u5NdSFgsuhaMBoNJV6VKPgcSTxE="
    },
    "isexe": {
      "version": "2.0.0",
      "resolved": "https://registry.npmjs.org/isexe/-/isexe-2.0.0.tgz",
      "integrity": "sha1-6PvzdNxVb/iUehDcsFctYz8s+hA="
    },
    "kind-of": {
      "version": "3.2.2",
      "resolved": "https://registry.npmjs.org/kind-of/-/kind-of-3.2.2.tgz",
      "integrity": "sha1-MeohpzS6ubuw8yRm2JOupR5KPGQ="
    },
    "lazy-cache": {
      "version": "2.0.2",
      "resolved": "https://registry.npmjs.org/lazy-cache/-/lazy-cache-2.0.2.tgz",
      "integrity": "sha1-uRkKT5EzVGlIQIWfio9whNiCImQ="
    },
    "lru-cache": {
      "version": "4.1.1",
      "resolved": "https://registry.npmjs.org/lru-cache/-/lru-cache-4.1.1.tgz",
      "integrity": "sha512-q4spe4KTfsAS1SUHLO0wz8Qiyf1+vMIAgpRYioFYDMNqKfHQbg+AVDH3i4fvpl71/P1L0dBl+fQi+P37UYf0ew=="
    },
    "parse-github-url": {
      "version": "0.3.2",
      "resolved": "https://registry.npmjs.org/parse-github-url/-/parse-github-url-0.3.2.tgz",
      "integrity": "sha1-du8B6/4LHpwPSTZylSzGpM2csmA="
    },
    "pseudomap": {
      "version": "1.0.2",
      "resolved": "https://registry.npmjs.org/pseudomap/-/pseudomap-1.0.2.tgz",
      "integrity": "sha1-8FKijacOYYkX7wqKw0wa5aaChrM="
    },
    "set-getter": {
      "version": "0.1.0",
      "resolved": "https://registry.npmjs.org/set-getter/-/set-getter-0.1.0.tgz",
      "integrity": "sha1-12nBgsnVpR9AkUXy+6guXoboA3Y="
    },
    "shebang-command": {
      "version": "1.2.0",
      "resolved": "https://registry.npmjs.org/shebang-command/-/shebang-command-1.2.0.tgz",
      "integrity": "sha1-RKrGW2lbAzmJaMOfNj/uXer98eo="
    },
    "shebang-regex": {
      "version": "1.0.0",
      "resolved": "https://registry.npmjs.org/shebang-regex/-/shebang-regex-1.0.0.tgz",
      "integrity": "sha1-2kL0l0DAtC2yypcoVxyxkMmO/qM="
    },
    "snc": {
      "version": "1.1.5",
      "resolved": "https://registry.npmjs.org/snc/-/snc-1.1.5.tgz",
      "integrity": "sha1-ZXNf99wl/BrwHuizZInfP73qO8c="
    },
    "spellbook": {
      "version": "0.1.22",
      "resolved": "https://registry.npmjs.org/spellbook/-/spellbook-0.1.22.tgz",
      "integrity": "sha1-0FRs7VeCSPFwM+Wg+lBhYtyA0po="
    },
    "stringify-github-short-url": {
      "version": "3.0.0",
      "resolved": "https://registry.npmjs.org/stringify-github-short-url/-/stringify-github-short-url-3.0.0.tgz",
      "integrity": "sha1-/jxWjYSsKBM/lhzigID480OsuEM="
    },
    "to-object-path": {
      "version": "0.3.0",
      "resolved": "https://registry.npmjs.org/to-object-path/-/to-object-path-0.3.0.tgz",
      "integrity": "sha1-KXWIt7Dn4KwI4E5nL4XB9JmeF68="
    },
    "which": {
      "version": "1.2.14",
      "resolved": "https://registry.npmjs.org/which/-/which-1.2.14.tgz",
      "integrity": "sha1-mofEN48D6CfOyvGs31bHNsAcFOU="
    },
    "yallist": {
      "version": "2.1.2",
      "resolved": "https://registry.npmjs.org/yallist/-/yallist-2.1.2.tgz",
      "integrity": "sha1-HBH5IY8HYImkfdUS+TxmmaaoHVI="
    }
  }
}
